
Microsoft Visual Studio Solution File, Format Version 12.00
# Visual Studio 15
VisualStudioVersion = 15.0.28307.271
MinimumVisualStudioVersion = 10.0.40219.1
Project("{8BC9CEB8-8B4A-11D0-8D11-00A0C91BC942}") = "Code for C++ primer plus", "Code for C++ primer plus\Code for C++ primer plus.vcxproj", "{0CF6E89E-BB31-4AC5-84C1-9EB2DC940D3A}"
EndProject
Project("{8BC9CEB8-8B4A-11D0-8D11-00A0C91BC942}") = "temptest", "temptest\temptest.vcxproj", "{164D1518-94CB-4F63-8886-35B5C66FD770}"
EndProject
Global
	GlobalSection(SolutionConfigurationPlatforms) = preSolution
		Debug|x64 = Debug|x64
		Debug|x86 = Debug|x86
		Release|x64 = Release|x64
		Release|x86 = Release|x86
	EndGlobalSection
	GlobalSection(ProjectConfigurationPlatforms) = postSolution
		{0CF6E89E-BB31-4AC5-84C1-9EB2DC940D3A}.Debug|x64.ActiveCfg = Debug|x64
		{0CF6E89E-BB31-4AC5-84C1-9EB2DC940D3A}.Debug|x64.Build.0 = Debug|x64
		{0CF6E89E-BB31-4AC5-84C1-9EB2DC940D3A}.Debug|x86.ActiveCfg = Debug|Win32
		{0CF6E89E-BB31-4AC5-84C1-9EB2DC940D3A}.Debug|x86.Build.0 = Debug|Win32
		{0CF6E89E-BB31-4AC5-84C1-9EB2DC940D3A}.Release|x64.ActiveCfg = Release|x64
		{0CF6E89E-BB31-4AC5-84C1-9EB2DC940D3A}.Release|x64.Build.0 = Release|x64
		{0CF6E89E-BB31-4AC5-84C1-9EB2DC940D3A}.Release|x86.ActiveCfg = Release|Win32
		{0CF6E89E-BB31-4AC5-84C1-9EB2DC940D3A}.Release|x86.Build.0 = Release|Win32
		{164D1518-94CB-4F63-8886-35B5C66FD770}.Debug|x64.ActiveCfg = Debug|x64
		{164D1518-94CB-4F63-8886-35B5C66FD770}.Debug|x64.Build.0 = Debug|x64
		{164D1518-94CB-4F63-8886-35B5C66FD770}.Debug|x86.ActiveCfg = Debug|Win32
		{164D1518-94CB-4F63-8886-35B5C66FD770}.Debug|x86.Build.0 = Debug|Win32
		{164D1518-94CB-4F63-8886-35B5C66FD770}.Release|x64.ActiveCfg = Release|x64
		{164D1518-94CB-4F63-8886-35B5C66FD770}.Release|x64.Build.0 = Release|x64
		{164D1518-94CB-4F63-8886-35B5C66FD770}.Release|x86.ActiveCfg = Release|Win32
		{164D1518-94CB-4F63-8886-35B5C66FD770}.Release|x86.Build.0 = Release|Win32
	EndGlobalSection
	GlobalSection(SolutionProperties) = preSolution
		HideSolutionNode = FALSE
	EndGlobalSection
	GlobalSection(ExtensibilityGlobals) = postSolution
		SolutionGuid = {32A1C159-44B1-4FCF-9EAB-84D973DC9651}
	EndGlobalSection
EndGlobal
